PODS:
  - Alamofire (4.5.0)
  - BarcodeScanner (2.1.2)
  - GPUImage (0.1.7)
  - KeychainSwift (8.0.2)
  - SwiftOCR (1.0):
    - GPUImage

DEPENDENCIES:
  - Alamofire
  - BarcodeScanner
  - KeychainSwift
  - SwiftOCR

SPEC CHECKSUMS:
  Alamofire: f28cdffd29de33a7bfa022cbd63ae95a27fae140
  BarcodeScanner: 84b6e5c75b7efad823381ee9bde846b13171a009
  GPUImage: 733a5f0fab92df9de1c37ba9df520a833ccb406d
  KeychainSwift: 213db04dfe7244988e61f77c72a2afb2f775954a
  SwiftOCR: c0965eee5761acf3c780ba2c90020dc1c59de7a1

PODFILE CHECKSUM: 69819dc82960e37c1e1482a566fe441042185178

COCOAPODS: 1.3.1
